
Microsoft Visual Studio Solution File, Format Version 12.00
# Visual Studio Version 17
VisualStudioVersion = 17.8.34525.116
MinimumVisualStudioVersion = 10.0.40219.1
Project("{FAE04EC0-301F-11D3-BF4B-00C04F79EFBC}") = "KMS.Common", "KMS.Common\KMS.Common.csproj", "{00F78C58-812F-4A6B-37D1-820D1A5FEE8D}"
EndProject
Project("{FAE04EC0-301F-11D3-BF4B-00C04F79EFBC}") = "KMS.Core", "KMS.Core\KMS.Core.csproj", "{2D6B5175-C9DD-B044-A92A-123C845F88E1}"
EndProject
Project("{FAE04EC0-301F-11D3-BF4B-00C04F79EFBC}") = "KMS.Data", "KMS.Data\KMS.Data.csproj", "{222D505B-AA79-1D79-B462-AF5B852FDA1A}"
EndProject
Project("{FAE04EC0-301F-11D3-BF4B-00C04F79EFBC}") = "KMS.WebApp", "KMS.WebApp\KMS.WebApp.csproj", "{4CDC1B2C-4469-0EFD-A736-AC39902914D3}"
EndProject
Global
	GlobalSection(SolutionConfigurationPlatforms) = preSolution
		Debug|Any CPU = Debug|Any CPU
		Release|Any CPU = Release|Any CPU
	EndGlobalSection
	GlobalSection(ProjectConfigurationPlatforms) = postSolution
		{00F78C58-812F-4A6B-37D1-820D1A5FEE8D}.Debug|Any CPU.ActiveCfg = Debug|Any CPU
		{00F78C58-812F-4A6B-37D1-820D1A5FEE8D}.Debug|Any CPU.Build.0 = Debug|Any CPU
		{00F78C58-812F-4A6B-37D1-820D1A5FEE8D}.Release|Any CPU.ActiveCfg = Release|Any CPU
		{00F78C58-812F-4A6B-37D1-820D1A5FEE8D}.Release|Any CPU.Build.0 = Release|Any CPU
		{2D6B5175-C9DD-B044-A92A-123C845F88E1}.Debug|Any CPU.ActiveCfg = Debug|Any CPU
		{2D6B5175-C9DD-B044-A92A-123C845F88E1}.Debug|Any CPU.Build.0 = Debug|Any CPU
		{2D6B5175-C9DD-B044-A92A-123C845F88E1}.Release|Any CPU.ActiveCfg = Release|Any CPU
		{2D6B5175-C9DD-B044-A92A-123C845F88E1}.Release|Any CPU.Build.0 = Release|Any CPU
		{222D505B-AA79-1D79-B462-AF5B852FDA1A}.Debug|Any CPU.ActiveCfg = Debug|Any CPU
		{222D505B-AA79-1D79-B462-AF5B852FDA1A}.Debug|Any CPU.Build.0 = Debug|Any CPU
		{222D505B-AA79-1D79-B462-AF5B852FDA1A}.Release|Any CPU.ActiveCfg = Release|Any CPU
		{222D505B-AA79-1D79-B462-AF5B852FDA1A}.Release|Any CPU.Build.0 = Release|Any CPU
		{4CDC1B2C-4469-0EFD-A736-AC39902914D3}.Debug|Any CPU.ActiveCfg = Debug|Any CPU
		{4CDC1B2C-4469-0EFD-A736-AC39902914D3}.Debug|Any CPU.Build.0 = Debug|Any CPU
		{4CDC1B2C-4469-0EFD-A736-AC39902914D3}.Release|Any CPU.ActiveCfg = Release|Any CPU
		{4CDC1B2C-4469-0EFD-A736-AC39902914D3}.Release|Any CPU.Build.0 = Release|Any CPU
	EndGlobalSection
	GlobalSection(SolutionProperties) = preSolution
		HideSolutionNode = FALSE
	EndGlobalSection
	GlobalSection(ExtensibilityGlobals) = postSolution
		SolutionGuid = {0F18829D-1893-428D-B993-A3E350CC03E7}
	EndGlobalSection
EndGlobal
